{
  "originHash" : "36fdcd314a89e2167b3fa75f6c57d3de06b5c726219799c2e055f26b7cdc392b",
  "pins" : [
    {
      "identity" : "nckit",
      "kind" : "remoteSourceControl",
      "location" : "https://github.com/5Exceptions-Mobile-Team/NCKit.git",
      "state" : {
        "revision" : "e69df7d5129c88d8411acc6ae02fa07767f67733",
        "version" : "1.2.0"
      }
    }
  ],
  "version" : 3
}
