{
  "originHash" : "36fdcd314a89e2167b3fa75f6c57d3de06b5c726219799c2e055f26b7cdc392b",
  "pins" : [
    {
      "identity" : "nckit",
      "kind" : "remoteSourceControl",
      "location" : "https://github.com/5Exceptions-Mobile-Team/NCKit.git",
      "state" : {
        "revision" : "96bff51168d3a687e23fc021140571310390e8b8",
        "version" : "1.1.0"
      }
    }
  ],
  "version" : 3
}
